
Microsoft Visual Studio Solution File, Format Version 12.00
# Visual Studio Version 17
VisualStudioVersion = 17.9.34902.65
MinimumVisualStudioVersion = 10.0.40219.1
Project("{FAE04EC0-301F-11D3-BF4B-00C04F79EFBC}") = "ChellengeApp", "ChellengeApp\ChellengeApp.csproj", "{8DB312A6-C8A0-41D6-B697-E34D1A75EE48}"
EndProject
Global
	GlobalSection(SolutionConfigurationPlatforms) = preSolution
		Debug|Any CPU = Debug|Any CPU
		Release|Any CPU = Release|Any CPU
	EndGlobalSection
	GlobalSection(ProjectConfigurationPlatforms) = postSolution
		{8DB312A6-C8A0-41D6-B697-E34D1A75EE48}.Debug|Any CPU.ActiveCfg = Debug|Any CPU
		{8DB312A6-C8A0-41D6-B697-E34D1A75EE48}.Debug|Any CPU.Build.0 = Debug|Any CPU
		{8DB312A6-C8A0-41D6-B697-E34D1A75EE48}.Release|Any CPU.ActiveCfg = Release|Any CPU
		{8DB312A6-C8A0-41D6-B697-E34D1A75EE48}.Release|Any CPU.Build.0 = Release|Any CPU
	EndGlobalSection
	GlobalSection(SolutionProperties) = preSolution
		HideSolutionNode = FALSE
	EndGlobalSection
	GlobalSection(ExtensibilityGlobals) = postSolution
		SolutionGuid = {F09F446F-AEB6-4709-89B3-27585101A8BE}
	EndGlobalSection
EndGlobal
