
Microsoft Visual Studio Solution File, Format Version 12.00
# Visual Studio Version 17
VisualStudioVersion = 17.7.34031.279
MinimumVisualStudioVersion = 10.0.40219.1
Project("{FAE04EC0-301F-11D3-BF4B-00C04F79EFBC}") = "ChallengeApp", "ChallengeApp\ChallengeApp.csproj", "{886D4729-BB19-4EB0-84DC-5FA2DFE5F87F}"
EndProject
Global
	GlobalSection(SolutionConfigurationPlatforms) = preSolution
		Debug|Any CPU = Debug|Any CPU
		Release|Any CPU = Release|Any CPU
	EndGlobalSection
	GlobalSection(ProjectConfigurationPlatforms) = postSolution
		{886D4729-BB19-4EB0-84DC-5FA2DFE5F87F}.Debug|Any CPU.ActiveCfg = Debug|Any CPU
		{886D4729-BB19-4EB0-84DC-5FA2DFE5F87F}.Debug|Any CPU.Build.0 = Debug|Any CPU
		{886D4729-BB19-4EB0-84DC-5FA2DFE5F87F}.Release|Any CPU.ActiveCfg = Release|Any CPU
		{886D4729-BB19-4EB0-84DC-5FA2DFE5F87F}.Release|Any CPU.Build.0 = Release|Any CPU
	EndGlobalSection
	GlobalSection(SolutionProperties) = preSolution
		HideSolutionNode = FALSE
	EndGlobalSection
	GlobalSection(ExtensibilityGlobals) = postSolution
		SolutionGuid = {19EB5FC3-4B0B-4753-AE5D-707301743CEC}
	EndGlobalSection
EndGlobal
